
Microsoft Visual Studio Solution File, Format Version 12.00
# Visual Studio 15
VisualStudioVersion = 15.0.27130.2024
MinimumVisualStudioVersion = 10.0.40219.1
Project("{FAE04EC0-301F-11D3-BF4B-00C04F79EFBC}") = "zad3-server", "zad3-server\zad3-server.csproj", "{D160247F-A449-41A4-8690-635DCC4EBA4E}"
EndProject
Global
	GlobalSection(SolutionConfigurationPlatforms) = preSolution
		Debug|Any CPU = Debug|Any CPU
		Release|Any CPU = Release|Any CPU
	EndGlobalSection
	GlobalSection(ProjectConfigurationPlatforms) = postSolution
		{D160247F-A449-41A4-8690-635DCC4EBA4E}.Debug|Any CPU.ActiveCfg = Debug|Any CPU
		{D160247F-A449-41A4-8690-635DCC4EBA4E}.Debug|Any CPU.Build.0 = Debug|Any CPU
		{D160247F-A449-41A4-8690-635DCC4EBA4E}.Release|Any CPU.ActiveCfg = Release|Any CPU
		{D160247F-A449-41A4-8690-635DCC4EBA4E}.Release|Any CPU.Build.0 = Release|Any CPU
	EndGlobalSection
	GlobalSection(SolutionProperties) = preSolution
		HideSolutionNode = FALSE
	EndGlobalSection
	GlobalSection(ExtensibilityGlobals) = postSolution
		SolutionGuid = {2DE04F4E-A376-40FA-ADAC-5AB61C479103}
	EndGlobalSection
EndGlobal
